PODS:
  - Alamofire (4.7.2)
  - AWSCore (2.6.16)
  - AWSS3 (2.6.16):
    - AWSCore (= 2.6.16)
  - Bolts (1.9.0):
    - Bolts/AppLinks (= 1.9.0)
    - Bolts/Tasks (= 1.9.0)
  - Bolts/AppLinks (1.9.0):
    - Bolts/Tasks
  - Bolts/Tasks (1.9.0)
  - CHIPageControl/Jalapeno (0.1.5)
  - CHTCollectionViewWaterfallLayout/Swift (0.9.7)
  - Crashlytics (3.10.1):
    - Fabric (~> 1.7.5)
  - Dwifft (0.8)
  - EmptyDataSet-Swift (4.0.4)
  - Fabric (1.7.6)
  - FBSDKCoreKit (4.32.0):
    - Bolts (~> 1.7)
  - FBSDKLoginKit (4.32.0):
    - FBSDKCoreKit
  - FBSDKShareKit (4.32.0):
    - FBSDKCoreKit (~> 4.32.0)
  - Firebase/Auth (4.13.0):
    - Firebase/Core
    - FirebaseAuth (= 4.6.1)
  - Firebase/Core (4.13.0):
    - FirebaseAnalytics (= 4.2.0)
    - FirebaseCore (= 4.0.20)
  - Firebase/Database (4.13.0):
    - Firebase/Core
    - FirebaseDatabase (= 4.1.5)
  - FirebaseAnalytics (4.2.0):
    - FirebaseCore (~> 4.0)
    - FirebaseInstanceID (~> 2.0)
    - GoogleToolboxForMac/NSData+zlib (~> 2.1)
    - nanopb (~> 0.3)
  - FirebaseAuth (4.6.1):
    - FirebaseAnalytics (~> 4.2)
    - GoogleToolboxForMac/NSDictionary+URLArguments (~> 2.1)
    - GTMSessionFetcher/Core (~> 1.1)
  - FirebaseCore (4.0.20):
    - GoogleToolboxForMac/NSData+zlib (~> 2.1)
  - FirebaseDatabase (4.1.5):
    - FirebaseAnalytics (~> 4.1)
    - FirebaseCore (~> 4.0)
    - leveldb-library (~> 1.18)
  - FirebaseInstanceID (2.0.10):
    - FirebaseCore (~> 4.0)
  - FLAnimatedImage (1.0.12)
  - FreeStreamer (3.8.3):
    - Reachability (~> 3.0)
  - FSCalendar (2.7.9)
  - GCDWebServer (3.4.2):
    - GCDWebServer/Core (= 3.4.2)
  - GCDWebServer/Core (3.4.2)
  - GoogleAPIClientForREST/Calendar (1.3.4):
    - GoogleAPIClientForREST/Core
    - GTMSessionFetcher (>= 1.1.7)
  - GoogleAPIClientForREST/Core (1.3.4):
    - GTMSessionFetcher (>= 1.1.7)
  - GoogleMaps (2.6.0):
    - GoogleMaps/Maps (= 2.6.0)
  - GoogleMaps/Base (2.6.0)
  - GoogleMaps/Maps (2.6.0):
    - GoogleMaps/Base
  - GooglePlacePicker (2.6.0):
    - GoogleMaps (= 2.6.0)
    - GooglePlaces (= 2.6.0)
  - GooglePlaces (2.6.0):
    - GoogleMaps/Base (= 2.6.0)
  - GoogleSignIn (4.1.2):
    - GoogleToolboxForMac/NSDictionary+URLArguments (~> 2.1)
    - GoogleToolboxForMac/NSString+URLArguments (~> 2.1)
    - GTMOAuth2 (~> 1.0)
    - GTMSessionFetcher/Core (~> 1.1)
  - GoogleToolboxForMac/DebugUtils (2.1.3):
    - GoogleToolboxForMac/Defines (= 2.1.3)
  - GoogleToolboxForMac/Defines (2.1.3)
  - GoogleToolboxForMac/NSData+zlib (2.1.3):
    - GoogleToolboxForMac/Defines (= 2.1.3)
  - GoogleToolboxForMac/NSDictionary+URLArguments (2.1.3):
    - GoogleToolboxForMac/DebugUtils (= 2.1.3)
    - GoogleToolboxForMac/Defines (= 2.1.3)
    - GoogleToolboxForMac/NSString+URLArguments (= 2.1.3)
  - GoogleToolboxForMac/NSString+URLArguments (2.1.3)
  - GTMOAuth2 (1.1.6):
    - GTMSessionFetcher (~> 1.1)
  - GTMSessionFetcher (1.1.15):
    - GTMSessionFetcher/Full (= 1.1.15)
  - GTMSessionFetcher/Core (1.1.15)
  - GTMSessionFetcher/Full (1.1.15):
    - GTMSessionFetcher/Core (= 1.1.15)
  - InitialsImageView (0.2.0)
  - IQKeyboardManagerSwift (6.0.1)
  - leveldb-library (1.20)
  - libwebp (0.6.1):
    - libwebp/core (= 0.6.1)
    - libwebp/dec (= 0.6.1)
    - libwebp/demux (= 0.6.1)
    - libwebp/dsp (= 0.6.1)
    - libwebp/enc (= 0.6.1)
    - libwebp/mux (= 0.6.1)
    - libwebp/utils (= 0.6.1)
    - libwebp/webp (= 0.6.1)
  - libwebp/core (0.6.1):
    - libwebp/webp
  - libwebp/dec (0.6.1):
    - libwebp/core
  - libwebp/demux (0.6.1):
    - libwebp/core
  - libwebp/dsp (0.6.1):
    - libwebp/core
  - libwebp/enc (0.6.1):
    - libwebp/core
  - libwebp/mux (0.6.1):
    - libwebp/core
  - libwebp/utils (0.6.1):
    - libwebp/core
  - libwebp/webp (0.6.1)
  - nanopb (0.3.8):
    - nanopb/decode (= 0.3.8)
    - nanopb/encode (= 0.3.8)
  - nanopb/decode (0.3.8)
  - nanopb/encode (0.3.8)
  - OnlyPictures (1.1.2)
  - p2.OAuth2 (4.0.1)
  - ParallaxHeader (2.0.0)
  - Reachability (3.2)
  - Realm (3.3.2):
    - Realm/Headers (= 3.3.2)
  - Realm/Headers (3.3.2)
  - RealmSwift (3.3.2):
    - Realm (= 3.3.2)
  - SDWebImage (4.3.3):
    - SDWebImage/Core (= 4.3.3)
  - SDWebImage/Core (4.3.3)
  - SDWebImage/GIF (4.3.3):
    - FLAnimatedImage (~> 1.0)
    - SDWebImage/Core
  - SDWebImage/WebP (4.3.3):
    - libwebp (~> 0.5)
    - SDWebImage/Core
  - SKPhotoBrowser (5.0.8)
  - SkyFloatingLabelTextField (3.4.1)
  - SSZipArchive (2.1.2)
  - SwiftyJSON (4.0.0)
  - TestFairy (1.13.1)
  - Toaster (2.1.1)
  - WDScrollableSegmentedControl (0.1.2)
  - youtube-ios-player-helper (0.1.6)

DEPENDENCIES:
  - Alamofire
  - AWSCore
  - AWSS3
  - CHIPageControl/Jalapeno
  - CHTCollectionViewWaterfallLayout/Swift
  - Crashlytics
  - Dwifft
  - EmptyDataSet-Swift
  - Fabric
  - FBSDKCoreKit
  - FBSDKLoginKit
  - FBSDKShareKit
  - Firebase/Auth
  - Firebase/Core
  - Firebase/Database
  - FreeStreamer
  - FSCalendar
  - GCDWebServer
  - GoogleAPIClientForREST/Calendar
  - GoogleMaps
  - GooglePlacePicker
  - GooglePlaces
  - GoogleSignIn
  - GTMOAuth2
  - InitialsImageView
  - IQKeyboardManagerSwift
  - OnlyPictures
  - p2.OAuth2
  - ParallaxHeader
  - RealmSwift
  - SDWebImage
  - SDWebImage/GIF
  - SDWebImage/WebP
  - SKPhotoBrowser
  - SkyFloatingLabelTextField
  - SSZipArchive
  - SwiftyJSON
  - TestFairy
  - Toaster
  - WDScrollableSegmentedControl
  - youtube-ios-player-helper

SPEC CHECKSUMS:
  Alamofire: e4fa87002c137ba2d8d634d2c51fabcda0d5c223
  AWSCore: 314df68684e338310409c6a3b050e28932deb6ff
  AWSS3: 218b24bc68387f0c715fd37168f9db6cbec9d0a7
  Bolts: ac6567323eac61e203f6a9763667d0f711be34c8
  CHIPageControl: 79d19a8ee2e35fa3c1da6533adb5364c77b5cfea
  CHTCollectionViewWaterfallLayout: 9d11068fafecac106695bb5a5d6d0f738483b598
  Crashlytics: aee1a064cbbf99b32efa3f056a5f458d846bc8ff
  Dwifft: 463e61d07322fdf83b32ee6975ca1b20708db746
  EmptyDataSet-Swift: 935ce169c6d4abe371bbc5dd92bcf9ee4dddb1bd
  Fabric: f8d42c893bb187326a7968b62abe55c36a987a46
  FBSDKCoreKit: 55d7f2ac45d9c4b9b6119f4e43900fe84b9b7b1b
  FBSDKLoginKit: 32ac05c2a59952c363c2e85aafa8f73ba93bcbad
  FBSDKShareKit: 658780d0d108b8ad590a54afb5ac1427bdc8de28
  Firebase: 5ec5e863d269d82d66b4bf56856726f8fb8f0fb3
  FirebaseAnalytics: 7ef69e76a5142f643aeb47c780e1cdce4e23632e
  FirebaseAuth: bf22cacf22c60ab454bf2636f556d8892b10b53f
  FirebaseCore: 90cb1c53d69b556f112a1bf72b5fcfaad7650790
  FirebaseDatabase: 5f0bc6134c5c237cf55f9e1249d406770a75eafd
  FirebaseInstanceID: 8d20d890d65c917f9f7d9950b6e10a760ad34321
  FLAnimatedImage: 4a0b56255d9b05f18b6dd7ee06871be5d3b89e31
  FreeStreamer: b205b0bf6a2e7855f935369145498f930eb27cac
  FSCalendar: a04b09f16f811bc92e82f3cf852a15225233b9d5
  GCDWebServer: 8d67ee9f634b4bb91eb4b8aee440318a5fc6debd
  GoogleAPIClientForREST: f7951c455df271bc6259b3ddb4073d0026475ccf
  GoogleMaps: 42f91c68b7fa2f84d5c86597b18ceb99f5414c7f
  GooglePlacePicker: e4488625effb006f59de49e14b7a603e463e4261
  GooglePlaces: f6ddf33b75cef69e888907d9947c57198ed845f3
  GoogleSignIn: d9ef55b10f0aa401a5de2747f59b725e4b9732ac
  GoogleToolboxForMac: 2501e2ad72a52eb3dfe7bd9aee7dad11b858bd20
  GTMOAuth2: c77fe325e4acd453837e72d91e3b5f13116857b2
  GTMSessionFetcher: 5fa5b80fd20e439ef5f545fb2cb3ca6c6714caa2
  InitialsImageView: 5f524ccb8856ea2ef891ac42adcae53f7669aceb
  IQKeyboardManagerSwift: 748d06e0f8134fc28934031e6377da3cf3d4f38c
  leveldb-library: 08cba283675b7ed2d99629a4bc5fd052cd2bb6a5
  libwebp: 0f01098c6c17175391af621b2f14150f3ca16e16
  nanopb: 5601e6bca2dbf1ed831b519092ec110f66982ca3
  OnlyPictures: c819b67e20f45493d49f38f4de5e630b7e8cbae0
  p2.OAuth2: fdc2effef37793a8f775dd4760bc4c1ea906c956
  ParallaxHeader: fb6ee97915626454f3c029a97b424f79a777c642
  Reachability: 33e18b67625424e47b6cde6d202dce689ad7af96
  Realm: d927fbf66df5532cfafc08afb5f7e53ded37b894
  RealmSwift: 4e903a494e05d866581d69ad6f7e7b879d446baf
  SDWebImage: de4d90b5bff3571eae7bd16202b1f43135409fa5
  SKPhotoBrowser: d50a4f7374d4d71574dbeb1429ae5c31e778b72e
  SkyFloatingLabelTextField: 8085f20f57f74a00cfcae58099299faa1a971035
  SSZipArchive: d4009d2ce5520a421f231fd97028cc0e2667eed8
  SwiftyJSON: 070dabdcb1beb81b247c65ffa3a79dbbfb3b48aa
  TestFairy: d3f8fd6e802ec58cf6ef061902f504a6a94ca465
  Toaster: a6c9532de1ded8105e77376f7dffeb2e12b46dbb
  WDScrollableSegmentedControl: 6799710bc004f2c2e64905ca6a497d16e2e60030
  youtube-ios-player-helper: 21ab92db027c7ff86cb17a3843a3f6eafc8158d2

PODFILE CHECKSUM: 9ceb84baee5806e98326fdc056882001169327db

COCOAPODS: 1.4.0
